// !$*UTF8*$!
{
	archiveVersion = 1;
	classes = {
	};
	objectVersion = 46;
	objects = {

/* Begin PBXBuildFile section */
		05B042791B96018E0028CFCE /* AppDelegate.swift in Sources */ = {isa = PBXBuildFile; fileRef = 05B042781B96018E0028CFCE /* AppDelegate.swift */; };
		05B0427B1B96018E0028CFCE /* ViewController.swift in Sources */ = {isa = PBXBuildFile; fileRef = 05B0427A1B96018E0028CFCE /* ViewController.swift */; };
		05B0427E1B96018E0028CFCE /* Main.storyboard in Resources */ = {isa = PBXBuildFile; fileRef = 05B0427C1B96018E0028CFCE /* Main.storyboard */; };
		05B042801B96018E0028CFCE /* Images.xcassets in Resources */ = {isa = PBXBuildFile; fileRef = 05B0427F1B96018E0028CFCE /* Images.xcassets */; };
		05B042831B96018E0028CFCE /* LaunchScreen.xib in Resources */ = {isa = PBXBuildFile; fileRef = 05B042811B96018E0028CFCE /* LaunchScreen.xib */; };
		05B0428F1B96018E0028CFCE /* lab1Tests.swift in Sources */ = {isa = PBXBuildFile; fileRef = 05B0428E1B96018E0028CFCE /* lab1Tests.swift */; };
/* End PBXBuildFile section */

/* Begin PBXContainerItemProxy section */
		05B042891B96018E0028CFCE /* PBXContainerItemProxy */ = {
			isa = PBXContainerItemProxy;
			containerPortal = 05B0426B1B96018D0028CFCE /* Project object */;
			proxyType = 1;
			remoteGlobalIDString = 05B042721B96018D0028CFCE;
			remoteInfo = lab1;
		};
/* End PBXContainerItemProxy section */

/* Begin PBXFileReference section */
		05B042731B96018D0028CFCE /* lab1.app */ = {isa = PBXFileReference; explicitFileType = wrapper.application; includeInIndex = 0; path = lab1.app; sourceTree = BUILT_PRODUCTS_DIR; };
		05B042771B96018E0028CFCE /* Info.plist */ = {isa = PBXFileReference; lastKnownFileType = text.plist.xml; path = Info.plist; sourceTree = "<group>"; };
		05B042781B96018E0028CFCE /* AppDelegate.swift */ = {isa = PBXFileReference; lastKnownFileType = sourcecode.swift; path = AppDelegate.swift; sourceTree = "<group>"; };
		05B0427A1B96018E0028CFCE /* ViewController.swift */ = {isa = PBXFileReference; lastKnownFileType = sourcecode.swift; path = ViewController.swift; sourceTree = "<group>"; };
		05B0427D1B96018E0028CFCE /* Base */ = {isa = PBXFileReference; lastKnownFileType = file.storyboard; name = Base; path = Base.lproj/Main.storyboard; sourceTree = "<group>"; };
		05B0427F1B96018E0028CFCE /* Images.xcassets */ = {isa = PBXFileReference; lastKnownFileType = folder.assetcatalog; path = Images.xcassets; sourceTree = "<group>"; };
		05B042821B96018E0028CFCE /* Base */ = {isa = PBXFileReference; lastKnownFileType = file.xib; name = Base; path = Base.lproj/LaunchScreen.xib; sourceTree = "<group>"; };
		05B042881B96018E0028CFCE /* lab1Tests.xctest */ = {isa = PBXFileReference; explicitFileType = wrapper.cfbundle; includeInIndex = 0; path = lab1Tests.xctest; sourceTree = BUILT_PRODUCTS_DIR; };
		05B0428D1B96018E0028CFCE /* Info.plist */ = {isa = PBXFileReference; lastKnownFileType = text.plist.xml; path = Info.plist; sourceTree = "<group>"; };
		05B0428E1B96018E0028CFCE /* lab1Tests.swift */ = {isa = PBXFileReference; lastKnownFileType = sourcecode.swift; path = lab1Tests.swift; sourceTree = "<group>"; };
/* End PBXFileReference section */

/* Begin PBXFrameworksBuildPhase section */
		05B042701B96018D0028CFCE /* Frameworks */ = {
			isa = PBXFrameworksBuildPhase;
			buildActionMask = 2147483647;
			files = (
			);
			runOnlyForDeploymentPostprocessing = 0;
		};
		05B042851B96018E0028CFCE /* Frameworks */ = {
			isa = PBXFrameworksBuildPhase;
			buildActionMask = 2147483647;
			files = (
			);
			runOnlyForDeploymentPostprocessing = 0;
		};
/* End PBXFrameworksBuildPhase section */

/* Begin PBXGroup section */
		05B0426A1B96018D0028CFCE = {
			isa = PBXGroup;
			children = (
				05B042751B96018D0028CFCE /* lab1 */,
				05B0428B1B96018E0028CFCE /* lab1Tests */,
				05B042741B96018D0028CFCE /* Products */,
			);
			sourceTree = "<group>";
		};
		05B042741B96018D0028CFCE /* Products */ = {
			isa = PBXGroup;
			children = (
				05B042731B96018D0028CFCE /* lab1.app */,
				05B042881B96018E0028CFCE /* lab1Tests.xctest */,
			);
			name = Products;
			sourceTree = "<group>";
		};
		05B042751B96018D0028CFCE /* lab1 */ = {
			isa = PBXGroup;
			children = (
				05B042781B96018E0028CFCE /* AppDelegate.swift */,
				05B0427A1B96018E0028CFCE /* ViewController.swift */,
				05B0427C1B96018E0028CFCE /* Main.storyboard */,
				05B0427F1B96018E0028CFCE /* Images.xcassets */,
				05B042811B96018E0028CFCE /* LaunchScreen.xib */,
				05B042761B96018E0028CFCE /* Supporting Files */,
			);
			path = lab1;
			sourceTree = "<group>";
		};
		05B042761B96018E0028CFCE /* Supporting Files */ = {
			isa = PBXGroup;
			children = (
				05B042771B96018E0028CFCE /* Info.plist */,
			);
			name = "Supporting Files";
			sourceTree = "<group>";
		};
		05B0428B1B96018E0028CFCE /* lab1Tests */ = {
			isa = PBXGroup;
			children = (
				05B0428E1B96018E0028CFCE /* lab1Tests.swift */,
				05B0428C1B96018E0028CFCE /* Supporting Files */,
			);
			path = lab1Tests;
			sourceTree = "<group>";
		};
		05B0428C1B96018E0028CFCE /* Supporting Files */ = {
			isa = PBXGroup;
			children = (
				05B0428D1B96018E0028CFCE /* Info.plist */,
			);
			name = "Supporting Files";
			sourceTree = "<group>";
		};
/* End PBXGroup section */

/* Begin PBXNativeTarget section */
		05B042721B96018D0028CFCE /* lab1 */ = {
			isa = PBXNativeTarget;
			buildConfigurationList = 05B042921B96018E0028CFCE /* Build configuration list for PBXNativeTarget "lab1" */;
			buildPhases = (
				05B0426F1B96018D0028CFCE /* Sources */,
				05B042701B96018D0028CFCE /* Frameworks */,
				05B042711B96018D0028CFCE /* Resources */,
			);
			buildRules = (
			);
			dependencies = (
			);
			name = lab1;
			productName = lab1;
			productReference = 05B042731B96018D0028CFCE /* lab1.app */;
			productType = "com.apple.product-type.application";
		};
		05B042871B96018E0028CFCE /* lab1Tests */ = {
			isa = PBXNativeTarget;
			buildConfigurationList = 05B042951B96018E0028CFCE /* Build configuration list for PBXNativeTarget "lab1Tests" */;
			buildPhases = (
				05B042841B96018E0028CFCE /* Sources */,
				05B042851B96018E0028CFCE /* Frameworks */,
				05B042861B96018E0028CFCE /* Resources */,
			);
			buildRules = (
			);
			dependencies = (
				05B0428A1B96018E0028CFCE /* PBXTargetDependency */,
			);
			name = lab1Tests;
			productName = lab1Tests;
			productReference = 05B042881B96018E0028CFCE /* lab1Tests.xctest */;
			productType = "com.apple.product-type.bundle.unit-test";
		};
/* End PBXNativeTarget section */

/* Begin PBXProject section */
		05B0426B1B96018D0028CFCE /* Project object */ = {
			isa = PBXProject;
			attributes = {
				LastUpgradeCheck = 0630;
				ORGANIZATIONNAME = "Jeeeun Kim";
				TargetAttributes = {
					05B042721B96018D0028CFCE = {
						CreatedOnToolsVersion = 6.3.2;
					};
					05B042871B96018E0028CFCE = {
						CreatedOnToolsVersion = 6.3.2;
						TestTargetID = 05B042721B96018D0028CFCE;
					};
				};
			};
			buildConfigurationList = 05B0426E1B96018D0028CFCE /* Build configuration list for PBXProject "lab1" */;
			compatibilityVersion = "Xcode 3.2";
			developmentRegion = English;
			hasScannedForEncodings = 0;
			knownRegions = (
				en,
				Base,
			);
			mainGroup = 05B0426A1B96018D0028CFCE;
			productRefGroup = 05B042741B96018D0028CFCE /* Products */;
			projectDirPath = "";
			projectRoot = "";
			targets = (
				05B042721B96018D0028CFCE /* lab1 */,
				05B042871B96018E0028CFCE /* lab1Tests */,
			);
		};
/* End PBXProject section */

/* Begin PBXResourcesBuildPhase section */
		05B042711B96018D0028CFCE /* Resources */ = {
			isa = PBXResourcesBuildPhase;
			buildActionMask = 2147483647;
			files = (
				05B0427E1B96018E0028CFCE /* Main.storyboard in Resources */,
				05B042831B96018E0028CFCE /* LaunchScreen.xib in Resources */,
				05B042801B96018E0028CFCE /* Images.xcassets in Resources */,
			);
			runOnlyForDeploymentPostprocessing = 0;
		};
		05B042861B96018E0028CFCE /* Resources */ = {
			isa = PBXResourcesBuildPhase;
			buildActionMask = 2147483647;
			files = (
			);
			runOnlyForDeploymentPostprocessing = 0;
		};
/* End PBXResourcesBuildPhase section */

/* Begin PBXSourcesBuildPhase section */
		05B0426F1B96018D0028CFCE /* Sources */ = {
			isa = PBXSourcesBuildPhase;
			buildActionMask = 2147483647;
			files = (
				05B0427B1B96018E0028CFCE /* ViewController.swift in Sources */,
				05B042791B96018E0028CFCE /* AppDelegate.swift in Sources */,
			);
			runOnlyForDeploymentPostprocessing = 0;
		};
		05B042841B96018E0028CFCE /* Sources */ = {
			isa = PBXSourcesBuildPhase;
			buildActionMask = 2147483647;
			files = (
				05B0428F1B96018E0028CFCE /* lab1Tests.swift in Sources */,
			);
			runOnlyForDeploymentPostprocessing = 0;
		};
/* End PBXSourcesBuildPhase section */

/* Begin PBXTargetDependency section */
		05B0428A1B96018E0028CFCE /* PBXTargetDependency */ = {
			isa = PBXTargetDependency;
			target = 05B042721B96018D0028CFCE /* lab1 */;
			targetProxy = 05B042891B96018E0028CFCE /* PBXContainerItemProxy */;
		};
/* End PBXTargetDependency section */

/* Begin PBXVariantGroup section */
		05B0427C1B96018E0028CFCE /* Main.storyboard */ = {
			isa = PBXVariantGroup;
			children = (
				05B0427D1B96018E0028CFCE /* Base */,
			);
			name = Main.storyboard;
			sourceTree = "<group>";
		};
		05B042811B96018E0028CFCE /* LaunchScreen.xib */ = {
			isa = PBXVariantGroup;
			children = (
				05B042821B96018E0028CFCE /* Base */,
			);
			name = LaunchScreen.xib;
			sourceTree = "<group>";
		};
/* End PBXVariantGroup section */

/* Begin XCBuildConfiguration section */
		05B042901B96018E0028CFCE /* Debug */ = {
			isa = XCBuildConfiguration;
			buildSettings = {
				ALWAYS_SEARCH_USER_PATHS = NO;
				CLANG_CXX_LANGUAGE_STANDARD = "gnu++0x";
				CLANG_CXX_LIBRARY = "libc++";
				CLANG_ENABLE_MODULES = YES;
				CLANG_ENABLE_OBJC_ARC = YES;
				CLANG_WARN_BOOL_CONVERSION = YES;
				CLANG_WARN_CONSTANT_CONVERSION = YES;
				CLANG_WARN_DIRECT_OBJC_ISA_USAGE = YES_ERROR;
				CLANG_WARN_EMPTY_BODY = YES;
				CLANG_WARN_ENUM_CONVERSION = YES;
				CLANG_WARN_INT_CONVERSION = YES;
				CLANG_WARN_OBJC_ROOT_CLASS = YES_ERROR;
				CLANG_WARN_UNREACHABLE_CODE = YES;
				CLANG_WARN__DUPLICATE_METHOD_MATCH = YES;
				"CODE_SIGN_IDENTITY[sdk=iphoneos*]" = "iPhone Developer";
				COPY_PHASE_STRIP = NO;
				DEBUG_INFORMATION_FORMAT = "dwarf-with-dsym";
				ENABLE_STRICT_OBJC_MSGSEND = YES;
				GCC_C_LANGUAGE_STANDARD = gnu99;
				GCC_DYNAMIC_NO_PIC = NO;
				GCC_NO_COMMON_BLOCKS = YES;
				GCC_OPTIMIZATION_LEVEL = 0;
				GCC_PREPROCESSOR_DEFINITIONS = (
					"DEBUG=1",
					"$(inherited)",
				);
				GCC_SYMBOLS_PRIVATE_EXTERN = NO;
				GCC_WARN_64_TO_32_BIT_CONVERSION = YES;
				GCC_WARN_ABOUT_RETURN_TYPE = YES_ERROR;
				GCC_WARN_UNDECLARED_SELECTOR = YES;
				GCC_WARN_UNINITIALIZED_AUTOS = YES_AGGRESSIVE;
				GCC_WARN_UNUSED_FUNCTION = YES;
				GCC_WARN_UNUSED_VARIABLE = YES;
				IPHONEOS_DEPLOYMENT_TARGET = 8.3;
				MTL_ENABLE_DEBUG_INFO = YES;
				ONLY_ACTIVE_ARCH = YES;
				SDKROOT = iphoneos;
				SWIFT_OPTIMIZATION_LEVEL = "-Onone";
			};
			name = Debug;
		};
		05B042911B96018E0028CFCE /* Release */ = {
			isa = XCBuildConfiguration;
			buildSettings = {
				ALWAYS_SEARCH_USER_PATHS = NO;
				CLANG_CXX_LANGUAGE_STANDARD = "gnu++0x";
				CLANG_CXX_LIBRARY = "libc++";
				CLANG_ENABLE_MODULES = YES;
				CLANG_ENABLE_OBJC_ARC = YES;
				CLANG_WARN_BOOL_CONVERSION = YES;
				CLANG_WARN_CONSTANT_CONVERSION = YES;
				CLANG_WARN_DIRECT_OBJC_ISA_USAGE = YES_ERROR;
				CLANG_WARN_EMPTY_BODY = YES;
				CLANG_WARN_ENUM_CONVERSION = YES;
				CLANG_WARN_INT_CONVERSION = YES;
				CLANG_WARN_OBJC_ROOT_CLASS = YES_ERROR;
				CLANG_WARN_UNREACHABLE_CODE = YES;
				CLANG_WARN__DUPLICATE_METHOD_MATCH = YES;
				"CODE_SIGN_IDENTITY[sdk=iphoneos*]" = "iPhone Developer";
				COPY_PHASE_STRIP = NO;
				DEBUG_INFORMATION_FORMAT = "dwarf-with-dsym";
				ENABLE_NS_ASSERTIONS = NO;
				ENABLE_STRICT_OBJC_MSGSEND = YES;
				GCC_C_LANGUAGE_STANDARD = gnu99;
				GCC_NO_COMMON_BLOCKS = YES;
				GCC_WARN_64_TO_32_BIT_CONVERSION = YES;
				GCC_WARN_ABOUT_RETURN_TYPE = YES_ERROR;
				GCC_WARN_UNDECLARED_SELECTOR = YES;
				GCC_WARN_UNINITIALIZED_AUTOS = YES_AGGRESSIVE;
				GCC_WARN_UNUSED_FUNCTION = YES;
				GCC_WARN_UNUSED_VARIABLE = YES;
				IPHONEOS_DEPLOYMENT_TARGET = 8.3;
				MTL_ENABLE_DEBUG_INFO = NO;
				SDKROOT = iphoneos;
				VALIDATE_PRODUCT = YES;
			};
			name = Release;
		};
		05B042931B96018E0028CFCE /* Debug */ = {
			isa = XCBuildConfiguration;
			buildSettings = {
				ASSETCATALOG_COMPILER_APPICON_NAME = AppIcon;
				INFOPLIST_FILE = lab1/Info.plist;
				LD_RUNPATH_SEARCH_PATHS = "$(inherited) @executable_path/Frameworks";
				PRODUCT_NAME = "$(TARGET_NAME)";
			};
			name = Debug;
		};
		05B042941B96018E0028CFCE /* Release */ = {
			isa = XCBuildConfiguration;
			buildSettings = {
				ASSETCATALOG_COMPILER_APPICON_NAME = AppIcon;
				INFOPLIST_FILE = lab1/Info.plist;
				LD_RUNPATH_SEARCH_PATHS = "$(inherited) @executable_path/Frameworks";
				PRODUCT_NAME = "$(TARGET_NAME)";
			};
			name = Release;
		};
		05B042961B96018E0028CFCE /* Debug */ = {
			isa = XCBuildConfiguration;
			buildSettings = {
				BUNDLE_LOADER = "$(TEST_HOST)";
				FRAMEWORK_SEARCH_PATHS = (
					"$(SDKROOT)/Developer/Library/Frameworks",
					"$(inherited)",
				);
				GCC_PREPROCESSOR_DEFINITIONS = (
					"DEBUG=1",
					"$(inherited)",
				);
				INFOPLIST_FILE = lab1Tests/Info.plist;
				LD_RUNPATH_SEARCH_PATHS = "$(inherited) @executable_path/Frameworks @loader_path/Frameworks";
				PRODUCT_NAME = "$(TARGET_NAME)";
				TEST_HOST = "$(BUILT_PRODUCTS_DIR)/lab1.app/lab1";
			};
			name = Debug;
		};
		05B042971B96018E0028CFCE /* Release */ = {
			isa = XCBuildConfiguration;
			buildSettings = {
				BUNDLE_LOADER = "$(TEST_HOST)";
				FRAMEWORK_SEARCH_PATHS = (
					"$(SDKROOT)/Developer/Library/Frameworks",
					"$(inherited)",
				);
				INFOPLIST_FILE = lab1Tests/Info.plist;
				LD_RUNPATH_SEARCH_PATHS = "$(inherited) @executable_path/Frameworks @loader_path/Frameworks";
				PRODUCT_NAME = "$(TARGET_NAME)";
				TEST_HOST = "$(BUILT_PRODUCTS_DIR)/lab1.app/lab1";
			};
			name = Release;
		};
/* End XCBuildConfiguration section */

/* Begin XCConfigurationList section */
		05B0426E1B96018D0028CFCE /* Build configuration list for PBXProject "lab1" */ = {
			isa = XCConfigurationList;
			buildConfigurations = (
				05B042901B96018E0028CFCE /* Debug */,
				05B042911B96018E0028CFCE /* Release */,
			);
			defaultConfigurationIsVisible = 0;
			defaultConfigurationName = Release;
		};
		05B042921B96018E0028CFCE /* Build configuration list for PBXNativeTarget "lab1" */ = {
			isa = XCConfigurationList;
			buildConfigurations = (
				05B042931B96018E0028CFCE /* Debug */,
				05B042941B96018E0028CFCE /* Release */,
			);
			defaultConfigurationIsVisible = 0;
		};
		05B042951B96018E0028CFCE /* Build configuration list for PBXNativeTarget "lab1Tests" */ = {
			isa = XCConfigurationList;
			buildConfigurations = (
				05B042961B96018E0028CFCE /* Debug */,
				05B042971B96018E0028CFCE /* Release */,
			);
			defaultConfigurationIsVisible = 0;
		};
/* End XCConfigurationList section */
	};
	rootObject = 05B0426B1B96018D0028CFCE /* Project object */;
}
